NeoBundleLock neobundle.vim 0541b3becbb796a3a4c58c91620cde664527179b
NeoBundleLock neocomplete 33ef6422753f469bdebfa23184b02a05b348cb33
NeoBundleLock neosnippet-snippets 1c6dacb99fcbeb186646ecafda3f07e07484b326
NeoBundleLock neosnippet.vim ac6ac62a5bf259f2db5aaf0751b919b377d1a9b2
NeoBundleLock nerdtree 4ebbb533c3faf2c480211db2b547972bb3b60f2b
NeoBundleLock syntastic 189be0ae74372c13d5a87c72753a86e796812b58
NeoBundleLock tagbar 7b36c46d17d57db34fdb0adac9ba6382d0bb5e66
NeoBundleLock unite.vim da791c335135fbd460caa8c8e4671e324ef1f328
NeoBundleLock vdebug 604cc62239a59d9388630526313f3d1433009629
NeoBundleLock vim-airline 01383136565840a63aa056b82c74be40afcb8ba3
NeoBundleLock vim-colors-solarized 528a59f26d12278698bb946f8fb82a63711eec21
NeoBundleLock vim-colorschemes 28a989b28457e38df620e4c7ab23e224aff70efe
NeoBundleLock vim-fugitive 18d6d1ab82d9ac15586d7d3c1a36f9ef6fb50eae
NeoBundleLock vim-plugin-minibufexpl 349a9fbb7a9da13d029b6a7ed8c8a5e9c048c4ec
NeoBundleLock vimproc.vim f96e476e41ab4cdb9c37242c8cf76f1e5aa5b91d
NeoBundleLock vimshell 3787e52766812d8b99a93ccdda57517bc2a0bab6
